
Microsoft Visual Studio Solution File, Format Version 12.00
# Visual Studio Version 17
VisualStudioVersion = 17.0.31903.59
MinimumVisualStudioVersion = 10.0.40219.1
Project("{FAE04EC0-301F-11D3-BF4B-00C04F79EFBC}") = "App", "App\App.csproj", "{7232F29C-2B49-4FE4-BDC3-CD64E308C3F9}"
EndProject
Project("{FAE04EC0-301F-11D3-BF4B-00C04F79EFBC}") = "App.Tests", "App.Tests\App.Tests.csproj", "{ECED73DB-186B-4854-A068-3CB8064F5EB6}"
EndProject
Global
	GlobalSection(SolutionConfigurationPlatforms) = preSolution
		Debug|Any CPU = Debug|Any CPU
		Release|Any CPU = Release|Any CPU
	EndGlobalSection
	GlobalSection(SolutionProperties) = preSolution
		HideSolutionNode = FALSE
	EndGlobalSection
	GlobalSection(ProjectConfigurationPlatforms) = postSolution
		{7232F29C-2B49-4FE4-BDC3-CD64E308C3F9}.Debug|Any CPU.ActiveCfg = Debug|Any CPU
		{7232F29C-2B49-4FE4-BDC3-CD64E308C3F9}.Debug|Any CPU.Build.0 = Debug|Any CPU
		{7232F29C-2B49-4FE4-BDC3-CD64E308C3F9}.Release|Any CPU.ActiveCfg = Release|Any CPU
		{7232F29C-2B49-4FE4-BDC3-CD64E308C3F9}.Release|Any CPU.Build.0 = Release|Any CPU
		{ECED73DB-186B-4854-A068-3CB8064F5EB6}.Debug|Any CPU.ActiveCfg = Debug|Any CPU
		{ECED73DB-186B-4854-A068-3CB8064F5EB6}.Debug|Any CPU.Build.0 = Debug|Any CPU
		{ECED73DB-186B-4854-A068-3CB8064F5EB6}.Release|Any CPU.ActiveCfg = Release|Any CPU
		{ECED73DB-186B-4854-A068-3CB8064F5EB6}.Release|Any CPU.Build.0 = Release|Any CPU
	EndGlobalSection
EndGlobal
